// !$*UTF8*$!
{
	archiveVersion = 1;
	classes = {
	};
	objectVersion = 46;
	objects = {

/* Begin PBXBuildFile section */
		DC013B6E1CC1E45E00A10994 /* AppDelegate.swift in Sources */ = {isa = PBXBuildFile; fileRef = DC013B6D1CC1E45E00A10994 /* AppDelegate.swift */; };
		DC013B701CC1E45E00A10994 /* ViewController.swift in Sources */ = {isa = PBXBuildFile; fileRef = DC013B6F1CC1E45E00A10994 /* ViewController.swift */; };
		DC013B731CC1E45E00A10994 /* Main.storyboard in Resources */ = {isa = PBXBuildFile; fileRef = DC013B711CC1E45E00A10994 /* Main.storyboard */; };
		DC013B751CC1E45E00A10994 /* Assets.xcassets in Resources */ = {isa = PBXBuildFile; fileRef = DC013B741CC1E45E00A10994 /* Assets.xcassets */; };
		DC013B781CC1E45E00A10994 /* LaunchScreen.storyboard in Resources */ = {isa = PBXBuildFile; fileRef = DC013B761CC1E45E00A10994 /* LaunchScreen.storyboard */; };
		DC013B831CC1E45F00A10994 /* MineSweeperSwiftTests.swift in Sources */ = {isa = PBXBuildFile; fileRef = DC013B821CC1E45F00A10994 /* MineSweeperSwiftTests.swift */; };
		DC013B8E1CC1E45F00A10994 /* MineSweeperSwiftUITests.swift in Sources */ = {isa = PBXBuildFile; fileRef = DC013B8D1CC1E45F00A10994 /* MineSweeperSwiftUITests.swift */; };
		DC013B9E1CC1E4CE00A10994 /* empty.jpg in Resources */ = {isa = PBXBuildFile; fileRef = DC013B9B1CC1E4CE00A10994 /* empty.jpg */; };
		DC013B9F1CC1E4CE00A10994 /* mine.png in Resources */ = {isa = PBXBuildFile; fileRef = DC013B9C1CC1E4CE00A10994 /* mine.png */; };
		DC013BA01CC1E4CE00A10994 /* flag.png in Resources */ = {isa = PBXBuildFile; fileRef = DC013B9D1CC1E4CE00A10994 /* flag.png */; };
		DC013BAA1CC1E52300A10994 /* 4.png in Resources */ = {isa = PBXBuildFile; fileRef = DC013BA21CC1E52300A10994 /* 4.png */; };
		DC013BAB1CC1E52300A10994 /* 8.png in Resources */ = {isa = PBXBuildFile; fileRef = DC013BA31CC1E52300A10994 /* 8.png */; };
		DC013BAC1CC1E52300A10994 /* 1.png in Resources */ = {isa = PBXBuildFile; fileRef = DC013BA41CC1E52300A10994 /* 1.png */; };
		DC013BAD1CC1E52300A10994 /* 7.png in Resources */ = {isa = PBXBuildFile; fileRef = DC013BA51CC1E52300A10994 /* 7.png */; };
		DC013BAE1CC1E52300A10994 /* 6.png in Resources */ = {isa = PBXBuildFile; fileRef = DC013BA61CC1E52300A10994 /* 6.png */; };
		DC013BAF1CC1E52300A10994 /* 5.png in Resources */ = {isa = PBXBuildFile; fileRef = DC013BA71CC1E52300A10994 /* 5.png */; };
		DC013BB01CC1E52300A10994 /* 3.png in Resources */ = {isa = PBXBuildFile; fileRef = DC013BA81CC1E52300A10994 /* 3.png */; };
		DC013BB11CC1E52300A10994 /* 2.png in Resources */ = {isa = PBXBuildFile; fileRef = DC013BA91CC1E52300A10994 /* 2.png */; };
		DC013BB31CC1E57200A10994 /* Cell.swift in Sources */ = {isa = PBXBuildFile; fileRef = DC013BB21CC1E57200A10994 /* Cell.swift */; };
/* End PBXBuildFile section */

/* Begin PBXContainerItemProxy section */
		DC013B7F1CC1E45F00A10994 /* PBXContainerItemProxy */ = {
			isa = PBXContainerItemProxy;
			containerPortal = DC013B621CC1E45E00A10994 /* Project object */;
			proxyType = 1;
			remoteGlobalIDString = DC013B691CC1E45E00A10994;
			remoteInfo = MineSweeperSwift;
		};
		DC013B8A1CC1E45F00A10994 /* PBXContainerItemProxy */ = {
			isa = PBXContainerItemProxy;
			containerPortal = DC013B621CC1E45E00A10994 /* Project object */;
			proxyType = 1;
			remoteGlobalIDString = DC013B691CC1E45E00A10994;
			remoteInfo = MineSweeperSwift;
		};
/* End PBXContainerItemProxy section */

/* Begin PBXFileReference section */
		DC013B6A1CC1E45E00A10994 /* MineSweeperSwift.app */ = {isa = PBXFileReference; explicitFileType = wrapper.application; includeInIndex = 0; path = MineSweeperSwift.app; sourceTree = BUILT_PRODUCTS_DIR; };
		DC013B6D1CC1E45E00A10994 /* AppDelegate.swift */ = {isa = PBXFileReference; lastKnownFileType = sourcecode.swift; path = AppDelegate.swift; sourceTree = "<group>"; };
		DC013B6F1CC1E45E00A10994 /* ViewController.swift */ = {isa = PBXFileReference; lastKnownFileType = sourcecode.swift; path = ViewController.swift; sourceTree = "<group>"; };
		DC013B721CC1E45E00A10994 /* Base */ = {isa = PBXFileReference; lastKnownFileType = file.storyboard; name = Base; path = Base.lproj/Main.storyboard; sourceTree = "<group>"; };
		DC013B741CC1E45E00A10994 /* Assets.xcassets */ = {isa = PBXFileReference; lastKnownFileType = folder.assetcatalog; path = Assets.xcassets; sourceTree = "<group>"; };
		DC013B771CC1E45E00A10994 /* Base */ = {isa = PBXFileReference; lastKnownFileType = file.storyboard; name = Base; path = Base.lproj/LaunchScreen.storyboard; sourceTree = "<group>"; };
		DC013B791CC1E45E00A10994 /* Info.plist */ = {isa = PBXFileReference; lastKnownFileType = text.plist.xml; path = Info.plist; sourceTree = "<group>"; };
		DC013B7E1CC1E45F00A10994 /* MineSweeperSwiftTests.xctest */ = {isa = PBXFileReference; explicitFileType = wrapper.cfbundle; includeInIndex = 0; path = MineSweeperSwiftTests.xctest; sourceTree = BUILT_PRODUCTS_DIR; };
		DC013B821CC1E45F00A10994 /* MineSweeperSwiftTests.swift */ = {isa = PBXFileReference; lastKnownFileType = sourcecode.swift; path = MineSweeperSwiftTests.swift; sourceTree = "<group>"; };
		DC013B841CC1E45F00A10994 /* Info.plist */ = {isa = PBXFileReference; lastKnownFileType = text.plist.xml; path = Info.plist; sourceTree = "<group>"; };
		DC013B891CC1E45F00A10994 /* MineSweeperSwiftUITests.xctest */ = {isa = PBXFileReference; explicitFileType = wrapper.cfbundle; includeInIndex = 0; path = MineSweeperSwiftUITests.xctest; sourceTree = BUILT_PRODUCTS_DIR; };
		DC013B8D1CC1E45F00A10994 /* MineSweeperSwiftUITests.swift */ = {isa = PBXFileReference; lastKnownFileType = sourcecode.swift; path = MineSweeperSwiftUITests.swift; sourceTree = "<group>"; };
		DC013B8F1CC1E45F00A10994 /* Info.plist */ = {isa = PBXFileReference; lastKnownFileType = text.plist.xml; path = Info.plist; sourceTree = "<group>"; };
		DC013B9B1CC1E4CE00A10994 /* empty.jpg */ = {isa = PBXFileReference; lastKnownFileType = image.jpeg; path = empty.jpg; sourceTree = "<group>"; };
		DC013B9C1CC1E4CE00A10994 /* mine.png */ = {isa = PBXFileReference; lastKnownFileType = image.png; path = mine.png; sourceTree = "<group>"; };
		DC013B9D1CC1E4CE00A10994 /* flag.png */ = {isa = PBXFileReference; lastKnownFileType = image.png; path = flag.png; sourceTree = "<group>"; };
		DC013BA21CC1E52300A10994 /* 4.png */ = {isa = PBXFileReference; lastKnownFileType = image.png; path = 4.png; sourceTree = "<group>"; };
		DC013BA31CC1E52300A10994 /* 8.png */ = {isa = PBXFileReference; lastKnownFileType = image.png; path = 8.png; sourceTree = "<group>"; };
		DC013BA41CC1E52300A10994 /* 1.png */ = {isa = PBXFileReference; lastKnownFileType = image.png; path = 1.png; sourceTree = "<group>"; };
		DC013BA51CC1E52300A10994 /* 7.png */ = {isa = PBXFileReference; lastKnownFileType = image.png; path = 7.png; sourceTree = "<group>"; };
		DC013BA61CC1E52300A10994 /* 6.png */ = {isa = PBXFileReference; lastKnownFileType = image.png; path = 6.png; sourceTree = "<group>"; };
		DC013BA71CC1E52300A10994 /* 5.png */ = {isa = PBXFileReference; lastKnownFileType = image.png; path = 5.png; sourceTree = "<group>"; };
		DC013BA81CC1E52300A10994 /* 3.png */ = {isa = PBXFileReference; lastKnownFileType = image.png; path = 3.png; sourceTree = "<group>"; };
		DC013BA91CC1E52300A10994 /* 2.png */ = {isa = PBXFileReference; lastKnownFileType = image.png; path = 2.png; sourceTree = "<group>"; };
		DC013BB21CC1E57200A10994 /* Cell.swift */ = {isa = PBXFileReference; fileEncoding = 4; lastKnownFileType = sourcecode.swift; path = Cell.swift; sourceTree = "<group>"; };
/* End PBXFileReference section */

/* Begin PBXFrameworksBuildPhase section */
		DC013B671CC1E45E00A10994 /* Frameworks */ = {
			isa = PBXFrameworksBuildPhase;
			buildActionMask = 2147483647;
			files = (
			);
			runOnlyForDeploymentPostprocessing = 0;
		};
		DC013B7B1CC1E45F00A10994 /* Frameworks */ = {
			isa = PBXFrameworksBuildPhase;
			buildActionMask = 2147483647;
			files = (
			);
			runOnlyForDeploymentPostprocessing = 0;
		};
		DC013B861CC1E45F00A10994 /* Frameworks */ = {
			isa = PBXFrameworksBuildPhase;
			buildActionMask = 2147483647;
			files = (
			);
			runOnlyForDeploymentPostprocessing = 0;
		};
/* End PBXFrameworksBuildPhase section */

/* Begin PBXGroup section */
		DC013B611CC1E45E00A10994 = {
			isa = PBXGroup;
			children = (
				DC013B6C1CC1E45E00A10994 /* MineSweeperSwift */,
				DC013B811CC1E45F00A10994 /* MineSweeperSwiftTests */,
				DC013B8C1CC1E45F00A10994 /* MineSweeperSwiftUITests */,
				DC013B6B1CC1E45E00A10994 /* Products */,
			);
			sourceTree = "<group>";
		};
		DC013B6B1CC1E45E00A10994 /* Products */ = {
			isa = PBXGroup;
			children = (
				DC013B6A1CC1E45E00A10994 /* MineSweeperSwift.app */,
				DC013B7E1CC1E45F00A10994 /* MineSweeperSwiftTests.xctest */,
				DC013B891CC1E45F00A10994 /* MineSweeperSwiftUITests.xctest */,
			);
			name = Products;
			sourceTree = "<group>";
		};
		DC013B6C1CC1E45E00A10994 /* MineSweeperSwift */ = {
			isa = PBXGroup;
			children = (
				DC013BA11CC1E51500A10994 /* img */,
				DC013B6D1CC1E45E00A10994 /* AppDelegate.swift */,
				DC013B6F1CC1E45E00A10994 /* ViewController.swift */,
				DC013BB21CC1E57200A10994 /* Cell.swift */,
				DC013B711CC1E45E00A10994 /* Main.storyboard */,
				DC013B741CC1E45E00A10994 /* Assets.xcassets */,
				DC013B761CC1E45E00A10994 /* LaunchScreen.storyboard */,
				DC013B791CC1E45E00A10994 /* Info.plist */,
			);
			path = MineSweeperSwift;
			sourceTree = "<group>";
		};
		DC013B811CC1E45F00A10994 /* MineSweeperSwiftTests */ = {
			isa = PBXGroup;
			children = (
				DC013B821CC1E45F00A10994 /* MineSweeperSwiftTests.swift */,
				DC013B841CC1E45F00A10994 /* Info.plist */,
			);
			path = MineSweeperSwiftTests;
			sourceTree = "<group>";
		};
		DC013B8C1CC1E45F00A10994 /* MineSweeperSwiftUITests */ = {
			isa = PBXGroup;
			children = (
				DC013B8D1CC1E45F00A10994 /* MineSweeperSwiftUITests.swift */,
				DC013B8F1CC1E45F00A10994 /* Info.plist */,
			);
			path = MineSweeperSwiftUITests;
			sourceTree = "<group>";
		};
		DC013BA11CC1E51500A10994 /* img */ = {
			isa = PBXGroup;
			children = (
				DC013B9B1CC1E4CE00A10994 /* empty.jpg */,
				DC013B9C1CC1E4CE00A10994 /* mine.png */,
				DC013B9D1CC1E4CE00A10994 /* flag.png */,
				DC013BA21CC1E52300A10994 /* 4.png */,
				DC013BA31CC1E52300A10994 /* 8.png */,
				DC013BA41CC1E52300A10994 /* 1.png */,
				DC013BA51CC1E52300A10994 /* 7.png */,
				DC013BA61CC1E52300A10994 /* 6.png */,
				DC013BA71CC1E52300A10994 /* 5.png */,
				DC013BA81CC1E52300A10994 /* 3.png */,
				DC013BA91CC1E52300A10994 /* 2.png */,
			);
			name = img;
			sourceTree = "<group>";
		};
/* End PBXGroup section */

/* Begin PBXNativeTarget section */
		DC013B691CC1E45E00A10994 /* MineSweeperSwift */ = {
			isa = PBXNativeTarget;
			buildConfigurationList = DC013B921CC1E45F00A10994 /* Build configuration list for PBXNativeTarget "MineSweeperSwift" */;
			buildPhases = (
				DC013B661CC1E45E00A10994 /* Sources */,
				DC013B671CC1E45E00A10994 /* Frameworks */,
				DC013B681CC1E45E00A10994 /* Resources */,
			);
			buildRules = (
			);
			dependencies = (
			);
			name = MineSweeperSwift;
			productName = MineSweeperSwift;
			productReference = DC013B6A1CC1E45E00A10994 /* MineSweeperSwift.app */;
			productType = "com.apple.product-type.application";
		};
		DC013B7D1CC1E45F00A10994 /* MineSweeperSwiftTests */ = {
			isa = PBXNativeTarget;
			buildConfigurationList = DC013B951CC1E45F00A10994 /* Build configuration list for PBXNativeTarget "MineSweeperSwiftTests" */;
			buildPhases = (
				DC013B7A1CC1E45F00A10994 /* Sources */,
				DC013B7B1CC1E45F00A10994 /* Frameworks */,
				DC013B7C1CC1E45F00A10994 /* Resources */,
			);
			buildRules = (
			);
			dependencies = (
				DC013B801CC1E45F00A10994 /* PBXTargetDependency */,
			);
			name = MineSweeperSwiftTests;
			productName = MineSweeperSwiftTests;
			productReference = DC013B7E1CC1E45F00A10994 /* MineSweeperSwiftTests.xctest */;
			productType = "com.apple.product-type.bundle.unit-test";
		};
		DC013B881CC1E45F00A10994 /* MineSweeperSwiftUITests */ = {
			isa = PBXNativeTarget;
			buildConfigurationList = DC013B981CC1E45F00A10994 /* Build configuration list for PBXNativeTarget "MineSweeperSwiftUITests" */;
			buildPhases = (
				DC013B851CC1E45F00A10994 /* Sources */,
				DC013B861CC1E45F00A10994 /* Frameworks */,
				DC013B871CC1E45F00A10994 /* Resources */,
			);
			buildRules = (
			);
			dependencies = (
				DC013B8B1CC1E45F00A10994 /* PBXTargetDependency */,
			);
			name = MineSweeperSwiftUITests;
			productName = MineSweeperSwiftUITests;
			productReference = DC013B891CC1E45F00A10994 /* MineSweeperSwiftUITests.xctest */;
			productType = "com.apple.product-type.bundle.ui-testing";
		};
/* End PBXNativeTarget section */

/* Begin PBXProject section */
		DC013B621CC1E45E00A10994 /* Project object */ = {
			isa = PBXProject;
			attributes = {
				LastSwiftUpdateCheck = 0720;
				LastUpgradeCheck = 0720;
				ORGANIZATIONNAME = Tinh;
				TargetAttributes = {
					DC013B691CC1E45E00A10994 = {
						CreatedOnToolsVersion = 7.2;
					};
					DC013B7D1CC1E45F00A10994 = {
						CreatedOnToolsVersion = 7.2;
						TestTargetID = DC013B691CC1E45E00A10994;
					};
					DC013B881CC1E45F00A10994 = {
						CreatedOnToolsVersion = 7.2;
						TestTargetID = DC013B691CC1E45E00A10994;
					};
				};
			};
			buildConfigurationList = DC013B651CC1E45E00A10994 /* Build configuration list for PBXProject "MineSweeperSwift" */;
			compatibilityVersion = "Xcode 3.2";
			developmentRegion = English;
			hasScannedForEncodings = 0;
			knownRegions = (
				en,
				Base,
			);
			mainGroup = DC013B611CC1E45E00A10994;
			productRefGroup = DC013B6B1CC1E45E00A10994 /* Products */;
			projectDirPath = "";
			projectRoot = "";
			targets = (
				DC013B691CC1E45E00A10994 /* MineSweeperSwift */,
				DC013B7D1CC1E45F00A10994 /* MineSweeperSwiftTests */,
				DC013B881CC1E45F00A10994 /* MineSweeperSwiftUITests */,
			);
		};
/* End PBXProject section */

/* Begin PBXResourcesBuildPhase section */
		DC013B681CC1E45E00A10994 /* Resources */ = {
			isa = PBXResourcesBuildPhase;
			buildActionMask = 2147483647;
			files = (
				DC013BAE1CC1E52300A10994 /* 6.png in Resources */,
				DC013BAC1CC1E52300A10994 /* 1.png in Resources */,
				DC013BB11CC1E52300A10994 /* 2.png in Resources */,
				DC013BAB1CC1E52300A10994 /* 8.png in Resources */,
				DC013B781CC1E45E00A10994 /* LaunchScreen.storyboard in Resources */,
				DC013BAA1CC1E52300A10994 /* 4.png in Resources */,
				DC013B9F1CC1E4CE00A10994 /* mine.png in Resources */,
				DC013B751CC1E45E00A10994 /* Assets.xcassets in Resources */,
				DC013B731CC1E45E00A10994 /* Main.storyboard in Resources */,
				DC013BB01CC1E52300A10994 /* 3.png in Resources */,
				DC013BAD1CC1E52300A10994 /* 7.png in Resources */,
				DC013BAF1CC1E52300A10994 /* 5.png in Resources */,
				DC013B9E1CC1E4CE00A10994 /* empty.jpg in Resources */,
				DC013BA01CC1E4CE00A10994 /* flag.png in Resources */,
			);
			runOnlyForDeploymentPostprocessing = 0;
		};
		DC013B7C1CC1E45F00A10994 /* Resources */ = {
			isa = PBXResourcesBuildPhase;
			buildActionMask = 2147483647;
			files = (
			);
			runOnlyForDeploymentPostprocessing = 0;
		};
		DC013B871CC1E45F00A10994 /* Resources */ = {
			isa = PBXResourcesBuildPhase;
			buildActionMask = 2147483647;
			files = (
			);
			runOnlyForDeploymentPostprocessing = 0;
		};
/* End PBXResourcesBuildPhase section */

/* Begin PBXSourcesBuildPhase section */
		DC013B661CC1E45E00A10994 /* Sources */ = {
			isa = PBXSourcesBuildPhase;
			buildActionMask = 2147483647;
			files = (
				DC013B701CC1E45E00A10994 /* ViewController.swift in Sources */,
				DC013B6E1CC1E45E00A10994 /* AppDelegate.swift in Sources */,
				DC013BB31CC1E57200A10994 /* Cell.swift in Sources */,
			);
			runOnlyForDeploymentPostprocessing = 0;
		};
		DC013B7A1CC1E45F00A10994 /* Sources */ = {
			isa = PBXSourcesBuildPhase;
			buildActionMask = 2147483647;
			files = (
				DC013B831CC1E45F00A10994 /* MineSweeperSwiftTests.swift in Sources */,
			);
			runOnlyForDeploymentPostprocessing = 0;
		};
		DC013B851CC1E45F00A10994 /* Sources */ = {
			isa = PBXSourcesBuildPhase;
			buildActionMask = 2147483647;
			files = (
				DC013B8E1CC1E45F00A10994 /* MineSweeperSwiftUITests.swift in Sources */,
			);
			runOnlyForDeploymentPostprocessing = 0;
		};
/* End PBXSourcesBuildPhase section */

/* Begin PBXTargetDependency section */
		DC013B801CC1E45F00A10994 /* PBXTargetDependency */ = {
			isa = PBXTargetDependency;
			target = DC013B691CC1E45E00A10994 /* MineSweeperSwift */;
			targetProxy = DC013B7F1CC1E45F00A10994 /* PBXContainerItemProxy */;
		};
		DC013B8B1CC1E45F00A10994 /* PBXTargetDependency */ = {
			isa = PBXTargetDependency;
			target = DC013B691CC1E45E00A10994 /* MineSweeperSwift */;
			targetProxy = DC013B8A1CC1E45F00A10994 /* PBXContainerItemProxy */;
		};
/* End PBXTargetDependency section */

/* Begin PBXVariantGroup section */
		DC013B711CC1E45E00A10994 /* Main.storyboard */ = {
			isa = PBXVariantGroup;
			children = (
				DC013B721CC1E45E00A10994 /* Base */,
			);
			name = Main.storyboard;
			sourceTree = "<group>";
		};
		DC013B761CC1E45E00A10994 /* LaunchScreen.storyboard */ = {
			isa = PBXVariantGroup;
			children = (
				DC013B771CC1E45E00A10994 /* Base */,
			);
			name = LaunchScreen.storyboard;
			sourceTree = "<group>";
		};
/* End PBXVariantGroup section */

/* Begin XCBuildConfiguration section */
		DC013B901CC1E45F00A10994 /* Debug */ = {
			isa = XCBuildConfiguration;
			buildSettings = {
				ALWAYS_SEARCH_USER_PATHS = NO;
				CLANG_CXX_LANGUAGE_STANDARD = "gnu++0x";
				CLANG_CXX_LIBRARY = "libc++";
				CLANG_ENABLE_MODULES = YES;
				CLANG_ENABLE_OBJC_ARC = YES;
				CLANG_WARN_BOOL_CONVERSION = YES;
				CLANG_WARN_CONSTANT_CONVERSION = YES;
				CLANG_WARN_DIRECT_OBJC_ISA_USAGE = YES_ERROR;
				CLANG_WARN_EMPTY_BODY = YES;
				CLANG_WARN_ENUM_CONVERSION = YES;
				CLANG_WARN_INT_CONVERSION = YES;
				CLANG_WARN_OBJC_ROOT_CLASS = YES_ERROR;
				CLANG_WARN_UNREACHABLE_CODE = YES;
				CLANG_WARN__DUPLICATE_METHOD_MATCH = YES;
				"CODE_SIGN_IDENTITY[sdk=iphoneos*]" = "iPhone Developer";
				COPY_PHASE_STRIP = NO;
				DEBUG_INFORMATION_FORMAT = dwarf;
				ENABLE_STRICT_OBJC_MSGSEND = YES;
				ENABLE_TESTABILITY = YES;
				GCC_C_LANGUAGE_STANDARD = gnu99;
				GCC_DYNAMIC_NO_PIC = NO;
				GCC_NO_COMMON_BLOCKS = YES;
				GCC_OPTIMIZATION_LEVEL = 0;
				GCC_PREPROCESSOR_DEFINITIONS = (
					"DEBUG=1",
					"$(inherited)",
				);
				GCC_WARN_64_TO_32_BIT_CONVERSION = YES;
				GCC_WARN_ABOUT_RETURN_TYPE = YES_ERROR;
				GCC_WARN_UNDECLARED_SELECTOR = YES;
				GCC_WARN_UNINITIALIZED_AUTOS = YES_AGGRESSIVE;
				GCC_WARN_UNUSED_FUNCTION = YES;
				GCC_WARN_UNUSED_VARIABLE = YES;
				IPHONEOS_DEPLOYMENT_TARGET = 9.2;
				MTL_ENABLE_DEBUG_INFO = YES;
				ONLY_ACTIVE_ARCH = YES;
				SDKROOT = iphoneos;
				SWIFT_OPTIMIZATION_LEVEL = "-Onone";
				TARGETED_DEVICE_FAMILY = "1,2";
			};
			name = Debug;
		};
		DC013B911CC1E45F00A10994 /* Release */ = {
			isa = XCBuildConfiguration;
			buildSettings = {
				ALWAYS_SEARCH_USER_PATHS = NO;
				CLANG_CXX_LANGUAGE_STANDARD = "gnu++0x";
				CLANG_CXX_LIBRARY = "libc++";
				CLANG_ENABLE_MODULES = YES;
				CLANG_ENABLE_OBJC_ARC = YES;
				CLANG_WARN_BOOL_CONVERSION = YES;
				CLANG_WARN_CONSTANT_CONVERSION = YES;
				CLANG_WARN_DIRECT_OBJC_ISA_USAGE = YES_ERROR;
				CLANG_WARN_EMPTY_BODY = YES;
				CLANG_WARN_ENUM_CONVERSION = YES;
				CLANG_WARN_INT_CONVERSION = YES;
				CLANG_WARN_OBJC_ROOT_CLASS = YES_ERROR;
				CLANG_WARN_UNREACHABLE_CODE = YES;
				CLANG_WARN__DUPLICATE_METHOD_MATCH = YES;
				"CODE_SIGN_IDENTITY[sdk=iphoneos*]" = "iPhone Developer";
				COPY_PHASE_STRIP = NO;
				DEBUG_INFORMATION_FORMAT = "dwarf-with-dsym";
				ENABLE_NS_ASSERTIONS = NO;
				ENABLE_STRICT_OBJC_MSGSEND = YES;
				GCC_C_LANGUAGE_STANDARD = gnu99;
				GCC_NO_COMMON_BLOCKS = YES;
				GCC_WARN_64_TO_32_BIT_CONVERSION = YES;
				GCC_WARN_ABOUT_RETURN_TYPE = YES_ERROR;
				GCC_WARN_UNDECLARED_SELECTOR = YES;
				GCC_WARN_UNINITIALIZED_AUTOS = YES_AGGRESSIVE;
				GCC_WARN_UNUSED_FUNCTION = YES;
				GCC_WARN_UNUSED_VARIABLE = YES;
				IPHONEOS_DEPLOYMENT_TARGET = 9.2;
				MTL_ENABLE_DEBUG_INFO = NO;
				SDKROOT = iphoneos;
				TARGETED_DEVICE_FAMILY = "1,2";
				VALIDATE_PRODUCT = YES;
			};
			name = Release;
		};
		DC013B931CC1E45F00A10994 /* Debug */ = {
			isa = XCBuildConfiguration;
			buildSettings = {
				ASSETCATALOG_COMPILER_APPICON_NAME = AppIcon;
				INFOPLIST_FILE = MineSweeperSwift/Info.plist;
				LD_RUNPATH_SEARCH_PATHS = "$(inherited) @executable_path/Frameworks";
				PRODUCT_BUNDLE_IDENTIFIER = origin.MineSweeperSwift;
				PRODUCT_NAME = "$(TARGET_NAME)";
			};
			name = Debug;
		};
		DC013B941CC1E45F00A10994 /* Release */ = {
			isa = XCBuildConfiguration;
			buildSettings = {
				ASSETCATALOG_COMPILER_APPICON_NAME = AppIcon;
				INFOPLIST_FILE = MineSweeperSwift/Info.plist;
				LD_RUNPATH_SEARCH_PATHS = "$(inherited) @executable_path/Frameworks";
				PRODUCT_BUNDLE_IDENTIFIER = origin.MineSweeperSwift;
				PRODUCT_NAME = "$(TARGET_NAME)";
			};
			name = Release;
		};
		DC013B961CC1E45F00A10994 /* Debug */ = {
			isa = XCBuildConfiguration;
			buildSettings = {
				BUNDLE_LOADER = "$(TEST_HOST)";
				INFOPLIST_FILE = MineSweeperSwiftTests/Info.plist;
				LD_RUNPATH_SEARCH_PATHS = "$(inherited) @executable_path/Frameworks @loader_path/Frameworks";
				PRODUCT_BUNDLE_IDENTIFIER = origin.MineSweeperSwiftTests;
				PRODUCT_NAME = "$(TARGET_NAME)";
				TEST_HOST = "$(BUILT_PRODUCTS_DIR)/MineSweeperSwift.app/MineSweeperSwift";
			};
			name = Debug;
		};
		DC013B971CC1E45F00A10994 /* Release */ = {
			isa = XCBuildConfiguration;
			buildSettings = {
				BUNDLE_LOADER = "$(TEST_HOST)";
				INFOPLIST_FILE = MineSweeperSwiftTests/Info.plist;
				LD_RUNPATH_SEARCH_PATHS = "$(inherited) @executable_path/Frameworks @loader_path/Frameworks";
				PRODUCT_BUNDLE_IDENTIFIER = origin.MineSweeperSwiftTests;
				PRODUCT_NAME = "$(TARGET_NAME)";
				TEST_HOST = "$(BUILT_PRODUCTS_DIR)/MineSweeperSwift.app/MineSweeperSwift";
			};
			name = Release;
		};
		DC013B991CC1E45F00A10994 /* Debug */ = {
			isa = XCBuildConfiguration;
			buildSettings = {
				INFOPLIST_FILE = MineSweeperSwiftUITests/Info.plist;
				LD_RUNPATH_SEARCH_PATHS = "$(inherited) @executable_path/Frameworks @loader_path/Frameworks";
				PRODUCT_BUNDLE_IDENTIFIER = origin.MineSweeperSwiftUITests;
				PRODUCT_NAME = "$(TARGET_NAME)";
				TEST_TARGET_NAME = MineSweeperSwift;
				USES_XCTRUNNER = YES;
			};
			name = Debug;
		};
		DC013B9A1CC1E45F00A10994 /* Release */ = {
			isa = XCBuildConfiguration;
			buildSettings = {
				INFOPLIST_FILE = MineSweeperSwiftUITests/Info.plist;
				LD_RUNPATH_SEARCH_PATHS = "$(inherited) @executable_path/Frameworks @loader_path/Frameworks";
				PRODUCT_BUNDLE_IDENTIFIER = origin.MineSweeperSwiftUITests;
				PRODUCT_NAME = "$(TARGET_NAME)";
				TEST_TARGET_NAME = MineSweeperSwift;
				USES_XCTRUNNER = YES;
			};
			name = Release;
		};
/* End XCBuildConfiguration section */

/* Begin XCConfigurationList section */
		DC013B651CC1E45E00A10994 /* Build configuration list for PBXProject "MineSweeperSwift" */ = {
			isa = XCConfigurationList;
			buildConfigurations = (
				DC013B901CC1E45F00A10994 /* Debug */,
				DC013B911CC1E45F00A10994 /* Release */,
			);
			defaultConfigurationIsVisible = 0;
			defaultConfigurationName = Release;
		};
		DC013B921CC1E45F00A10994 /* Build configuration list for PBXNativeTarget "MineSweeperSwift" */ = {
			isa = XCConfigurationList;
			buildConfigurations = (
				DC013B931CC1E45F00A10994 /* Debug */,
				DC013B941CC1E45F00A10994 /* Release */,
			);
			defaultConfigurationIsVisible = 0;
		};
		DC013B951CC1E45F00A10994 /* Build configuration list for PBXNativeTarget "MineSweeperSwiftTests" */ = {
			isa = XCConfigurationList;
			buildConfigurations = (
				DC013B961CC1E45F00A10994 /* Debug */,
				DC013B971CC1E45F00A10994 /* Release */,
			);
			defaultConfigurationIsVisible = 0;
		};
		DC013B981CC1E45F00A10994 /* Build configuration list for PBXNativeTarget "MineSweeperSwiftUITests" */ = {
			isa = XCConfigurationList;
			buildConfigurations = (
				DC013B991CC1E45F00A10994 /* Debug */,
				DC013B9A1CC1E45F00A10994 /* Release */,
			);
			defaultConfigurationIsVisible = 0;
		};
/* End XCConfigurationList section */
	};
	rootObject = DC013B621CC1E45E00A10994 /* Project object */;
}
